
Microsoft Visual Studio Solution File, Format Version 12.00
# Visual Studio Version 17
VisualStudioVersion = 17.9.34728.123
MinimumVisualStudioVersion = 10.0.40219.1
Project("{FAE04EC0-301F-11D3-BF4B-00C04F79EFBC}") = "Core", "Core\Core.csproj", "{FE2A7883-E2E3-4D60-85DD-FDCD4F8EDB5B}"
EndProject
Project("{FAE04EC0-301F-11D3-BF4B-00C04F79EFBC}") = "Entities", "Entities\Entities.csproj", "{285A477A-0F42-4B78-B2A5-47889C6B11A6}"
EndProject
Project("{FAE04EC0-301F-11D3-BF4B-00C04F79EFBC}") = "Business", "Business\Business.csproj", "{63A51CCD-D08F-4732-8122-9CE6A3AEA75E}"
EndProject
Project("{FAE04EC0-301F-11D3-BF4B-00C04F79EFBC}") = "DataAccess", "DataAccess\DataAccess.csproj", "{EABDC15A-C8C1-4167-9AF1-C25436B54263}"
EndProject
Project("{FAE04EC0-301F-11D3-BF4B-00C04F79EFBC}") = "WebApi", "WebApi\WebApi.csproj", "{723DD7F8-6700-427B-B8E4-23D07C6D04FC}"
EndProject
Global
	GlobalSection(SolutionConfigurationPlatforms) = preSolution
		Debug|Any CPU = Debug|Any CPU
		Release|Any CPU = Release|Any CPU
	EndGlobalSection
	GlobalSection(ProjectConfigurationPlatforms) = postSolution
		{FE2A7883-E2E3-4D60-85DD-FDCD4F8EDB5B}.Debug|Any CPU.ActiveCfg = Debug|Any CPU
		{FE2A7883-E2E3-4D60-85DD-FDCD4F8EDB5B}.Debug|Any CPU.Build.0 = Debug|Any CPU
		{FE2A7883-E2E3-4D60-85DD-FDCD4F8EDB5B}.Release|Any CPU.ActiveCfg = Release|Any CPU
		{FE2A7883-E2E3-4D60-85DD-FDCD4F8EDB5B}.Release|Any CPU.Build.0 = Release|Any CPU
		{285A477A-0F42-4B78-B2A5-47889C6B11A6}.Debug|Any CPU.ActiveCfg = Debug|Any CPU
		{285A477A-0F42-4B78-B2A5-47889C6B11A6}.Debug|Any CPU.Build.0 = Debug|Any CPU
		{285A477A-0F42-4B78-B2A5-47889C6B11A6}.Release|Any CPU.ActiveCfg = Release|Any CPU
		{285A477A-0F42-4B78-B2A5-47889C6B11A6}.Release|Any CPU.Build.0 = Release|Any CPU
		{63A51CCD-D08F-4732-8122-9CE6A3AEA75E}.Debug|Any CPU.ActiveCfg = Debug|Any CPU
		{63A51CCD-D08F-4732-8122-9CE6A3AEA75E}.Debug|Any CPU.Build.0 = Debug|Any CPU
		{63A51CCD-D08F-4732-8122-9CE6A3AEA75E}.Release|Any CPU.ActiveCfg = Release|Any CPU
		{63A51CCD-D08F-4732-8122-9CE6A3AEA75E}.Release|Any CPU.Build.0 = Release|Any CPU
		{EABDC15A-C8C1-4167-9AF1-C25436B54263}.Debug|Any CPU.ActiveCfg = Debug|Any CPU
		{EABDC15A-C8C1-4167-9AF1-C25436B54263}.Debug|Any CPU.Build.0 = Debug|Any CPU
		{EABDC15A-C8C1-4167-9AF1-C25436B54263}.Release|Any CPU.ActiveCfg = Release|Any CPU
		{EABDC15A-C8C1-4167-9AF1-C25436B54263}.Release|Any CPU.Build.0 = Release|Any CPU
		{723DD7F8-6700-427B-B8E4-23D07C6D04FC}.Debug|Any CPU.ActiveCfg = Debug|Any CPU
		{723DD7F8-6700-427B-B8E4-23D07C6D04FC}.Debug|Any CPU.Build.0 = Debug|Any CPU
		{723DD7F8-6700-427B-B8E4-23D07C6D04FC}.Release|Any CPU.ActiveCfg = Release|Any CPU
		{723DD7F8-6700-427B-B8E4-23D07C6D04FC}.Release|Any CPU.Build.0 = Release|Any CPU
	EndGlobalSection
	GlobalSection(SolutionProperties) = preSolution
		HideSolutionNode = FALSE
	EndGlobalSection
	GlobalSection(ExtensibilityGlobals) = postSolution
		SolutionGuid = {9A0A3391-C51A-4560-9AF5-C71244878A96}
	EndGlobalSection
EndGlobal
